// !$*UTF8*$!
{
	archiveVersion = 1;
	classes = {
	};
	objectVersion = 56;
	objects = {

/* Begin PBXBuildFile section */
		2742BDEDA24C3875BFEDD49F /* Pods_FindITTests.framework in Frameworks */ = {isa = PBXBuildFile; fileRef = 4EBBD7EC7A53178E4CE61A9C /* Pods_FindITTests.framework */; };
		703A23352B10750700359318 /* WebSocketManager.swift in Sources */ = {isa = PBXBuildFile; fileRef = 703A23342B10750700359318 /* WebSocketManager.swift */; };
		704629062B278DB700040259 /* MovieDetailView.swift in Sources */ = {isa = PBXBuildFile; fileRef = 704629052B278DB700040259 /* MovieDetailView.swift */; };
		707EAD2B2B3A8BDD00BBB3EC /* AudioManager.swift in Sources */ = {isa = PBXBuildFile; fileRef = 707EAD2A2B3A8BDD00BBB3EC /* AudioManager.swift */; };
		709B73382B2A74200000BFA4 /* YouTubeiOSPlayerHelper in Frameworks */ = {isa = PBXBuildFile; productRef = 709B73372B2A74200000BFA4 /* YouTubeiOSPlayerHelper */; };
		70A3B8562B17A6E000AF3F90 /* ContentView.swift in Sources */ = {isa = PBXBuildFile; fileRef = 70A3B8552B17A6E000AF3F90 /* ContentView.swift */; };
		70A3B8582B17A75600AF3F90 /* FindITApp.swift in Sources */ = {isa = PBXBuildFile; fileRef = 70A3B8572B17A75600AF3F90 /* FindITApp.swift */; };
		70BCF8882B1848EA0068A982 /* SocketIO in Frameworks */ = {isa = PBXBuildFile; productRef = 70BCF8872B1848EA0068A982 /* SocketIO */; };
		70BFB7812B027FAA00F86F3F /* Assets.xcassets in Resources */ = {isa = PBXBuildFile; fileRef = 70BFB7802B027FAA00F86F3F /* Assets.xcassets */; };
		70BFB7842B027FAA00F86F3F /* Preview Assets.xcassets in Resources */ = {isa = PBXBuildFile; fileRef = 70BFB7832B027FAA00F86F3F /* Preview Assets.xcassets */; };
		70BFB78E2B027FAB00F86F3F /* FindITTests.swift in Sources */ = {isa = PBXBuildFile; fileRef = 70BFB78D2B027FAB00F86F3F /* FindITTests.swift */; };
		70BFB7982B027FAB00F86F3F /* FindITUITests.swift in Sources */ = {isa = PBXBuildFile; fileRef = 70BFB7972B027FAB00F86F3F /* FindITUITests.swift */; };
		70BFB79A2B027FAB00F86F3F /* FindITUITestsLaunchTests.swift in Sources */ = {isa = PBXBuildFile; fileRef = 70BFB7992B027FAB00F86F3F /* FindITUITestsLaunchTests.swift */; };
		70BFC96B2B391EA60030FC8C /* WhisperManager.swift in Sources */ = {isa = PBXBuildFile; fileRef = 70BFC96A2B391EA60030FC8C /* WhisperManager.swift */; };
		70C4EE232B39D32700F46B3C /* Alamofire in Frameworks */ = {isa = PBXBuildFile; productRef = 70C4EE222B39D32700F46B3C /* Alamofire */; };
		8AEC0562F677EE77FAF1AE54 /* Pods_FindIT.framework in Frameworks */ = {isa = PBXBuildFile; fileRef = 083EC1700E35D4DF995AD127 /* Pods_FindIT.framework */; };
		B444231FB00BD33BA651CB61 /* Pods_FindIT_FindITUITests.framework in Frameworks */ = {isa = PBXBuildFile; fileRef = 0A12DD022E6599C91C3EC45B /* Pods_FindIT_FindITUITests.framework */; };
/* End PBXBuildFile section */

/* Begin PBXContainerItemProxy section */
		70BFB78A2B027FAB00F86F3F /* PBXContainerItemProxy */ = {
			isa = PBXContainerItemProxy;
			containerPortal = 70BFB7712B027F9E00F86F3F /* Project object */;
			proxyType = 1;
			remoteGlobalIDString = 70BFB7782B027F9E00F86F3F;
			remoteInfo = FindIT;
		};
		70BFB7942B027FAB00F86F3F /* PBXContainerItemProxy */ = {
			isa = PBXContainerItemProxy;
			containerPortal = 70BFB7712B027F9E00F86F3F /* Project object */;
			proxyType = 1;
			remoteGlobalIDString = 70BFB7782B027F9E00F86F3F;
			remoteInfo = FindIT;
		};
/* End PBXContainerItemProxy section */

/* Begin PBXCopyFilesBuildPhase section */
		70D608B22B36B01E00E23B8F /* Embed Frameworks */ = {
			isa = PBXCopyFilesBuildPhase;
			buildActionMask = 2147483647;
			dstPath = "";
			dstSubfolderSpec = 10;
			files = (
			);
			name = "Embed Frameworks";
			runOnlyForDeploymentPostprocessing = 0;
		};
/* End PBXCopyFilesBuildPhase section */

/* Begin PBXFileReference section */
		083EC1700E35D4DF995AD127 /* Pods_FindIT.framework */ = {isa = PBXFileReference; explicitFileType = wrapper.framework; includeInIndex = 0; path = Pods_FindIT.framework; sourceTree = BUILT_PRODUCTS_DIR; };
		0A12DD022E6599C91C3EC45B /* Pods_FindIT_FindITUITests.framework */ = {isa = PBXFileReference; explicitFileType = wrapper.framework; includeInIndex = 0; path = Pods_FindIT_FindITUITests.framework; sourceTree = BUILT_PRODUCTS_DIR; };
		0E71A82B456491FD7FAFDBE6 /* Pods-FindIT-FindITUITests.debug.xcconfig */ = {isa = PBXFileReference; includeInIndex = 1; lastKnownFileType = text.xcconfig; name = "Pods-FindIT-FindITUITests.debug.xcconfig"; path = "Target Support Files/Pods-FindIT-FindITUITests/Pods-FindIT-FindITUITests.debug.xcconfig"; sourceTree = "<group>"; };
		4EBBD7EC7A53178E4CE61A9C /* Pods_FindITTests.framework */ = {isa = PBXFileReference; explicitFileType = wrapper.framework; includeInIndex = 0; path = Pods_FindITTests.framework; sourceTree = BUILT_PRODUCTS_DIR; };
		646A356D37E00754CB8A8FB3 /* Pods-FindIT-FindITUITests.release.xcconfig */ = {isa = PBXFileReference; includeInIndex = 1; lastKnownFileType = text.xcconfig; name = "Pods-FindIT-FindITUITests.release.xcconfig"; path = "Target Support Files/Pods-FindIT-FindITUITests/Pods-FindIT-FindITUITests.release.xcconfig"; sourceTree = "<group>"; };
		7003CAB62B15A4C300102E14 /* Info.plist */ = {isa = PBXFileReference; lastKnownFileType = text.plist; path = Info.plist; sourceTree = "<group>"; };
		703190602B36AD4600F39371 /* Cobra.framework */ = {isa = PBXFileReference; explicitFileType = wrapper.framework; path = Cobra.framework; sourceTree = BUILT_PRODUCTS_DIR; };
		703A23342B10750700359318 /* WebSocketManager.swift */ = {isa = PBXFileReference; lastKnownFileType = sourcecode.swift; path = WebSocketManager.swift; sourceTree = "<group>"; };
		704629052B278DB700040259 /* MovieDetailView.swift */ = {isa = PBXFileReference; lastKnownFileType = sourcecode.swift; path = MovieDetailView.swift; sourceTree = "<group>"; };
		707EAD2A2B3A8BDD00BBB3EC /* AudioManager.swift */ = {isa = PBXFileReference; lastKnownFileType = sourcecode.swift; path = AudioManager.swift; sourceTree = "<group>"; };
		70A3B8552B17A6E000AF3F90 /* ContentView.swift */ = {isa = PBXFileReference; lastKnownFileType = sourcecode.swift; path = ContentView.swift; sourceTree = "<group>"; };
		70A3B8572B17A75600AF3F90 /* FindITApp.swift */ = {isa = PBXFileReference; lastKnownFileType = sourcecode.swift; path = FindITApp.swift; sourceTree = "<group>"; };
		70BFB7792B027F9F00F86F3F /* FindIT.app */ = {isa = PBXFileReference; explicitFileType = wrapper.application; includeInIndex = 0; path = FindIT.app; sourceTree = BUILT_PRODUCTS_DIR; };
		70BFB7802B027FAA00F86F3F /* Assets.xcassets */ = {isa = PBXFileReference; lastKnownFileType = folder.assetcatalog; path = Assets.xcassets; sourceTree = "<group>"; };
		70BFB7832B027FAA00F86F3F /* Preview Assets.xcassets */ = {isa = PBXFileReference; lastKnownFileType = folder.assetcatalog; path = "Preview Assets.xcassets"; sourceTree = "<group>"; };
		70BFB7892B027FAB00F86F3F /* FindITTests.xctest */ = {isa = PBXFileReference; explicitFileType = wrapper.cfbundle; includeInIndex = 0; path = FindITTests.xctest; sourceTree = BUILT_PRODUCTS_DIR; };
		70BFB78D2B027FAB00F86F3F /* FindITTests.swift */ = {isa = PBXFileReference; lastKnownFileType = sourcecode.swift; path = FindITTests.swift; sourceTree = "<group>"; };
		70BFB7932B027FAB00F86F3F /* FindITUITests.xctest */ = {isa = PBXFileReference; explicitFileType = wrapper.cfbundle; includeInIndex = 0; path = FindITUITests.xctest; sourceTree = BUILT_PRODUCTS_DIR; };
		70BFB7972B027FAB00F86F3F /* FindITUITests.swift */ = {isa = PBXFileReference; lastKnownFileType = sourcecode.swift; path = FindITUITests.swift; sourceTree = "<group>"; };
		70BFB7992B027FAB00F86F3F /* FindITUITestsLaunchTests.swift */ = {isa = PBXFileReference; lastKnownFileType = sourcecode.swift; path = FindITUITestsLaunchTests.swift; sourceTree = "<group>"; };
		70BFC96A2B391EA60030FC8C /* WhisperManager.swift */ = {isa = PBXFileReference; lastKnownFileType = sourcecode.swift; path = WhisperManager.swift; sourceTree = "<group>"; };
		8E8F5FDABC803BE1D434B184 /* Pods-FindITTests.release.xcconfig */ = {isa = PBXFileReference; includeInIndex = 1; lastKnownFileType = text.xcconfig; name = "Pods-FindITTests.release.xcconfig"; path = "Target Support Files/Pods-FindITTests/Pods-FindITTests.release.xcconfig"; sourceTree = "<group>"; };
		B51FA70748CEBDD2E5D3ADF2 /* Pods-FindIT.debug.xcconfig */ = {isa = PBXFileReference; includeInIndex = 1; lastKnownFileType = text.xcconfig; name = "Pods-FindIT.debug.xcconfig"; path = "Target Support Files/Pods-FindIT/Pods-FindIT.debug.xcconfig"; sourceTree = "<group>"; };
		C4B3722A8211E988B25E5207 /* Pods-FindIT.release.xcconfig */ = {isa = PBXFileReference; includeInIndex = 1; lastKnownFileType = text.xcconfig; name = "Pods-FindIT.release.xcconfig"; path = "Target Support Files/Pods-FindIT/Pods-FindIT.release.xcconfig"; sourceTree = "<group>"; };
		D42968475AFF9012E92D93AC /* Pods-FindITTests.debug.xcconfig */ = {isa = PBXFileReference; includeInIndex = 1; lastKnownFileType = text.xcconfig; name = "Pods-FindITTests.debug.xcconfig"; path = "Target Support Files/Pods-FindITTests/Pods-FindITTests.debug.xcconfig"; sourceTree = "<group>"; };
/* End PBXFileReference section */

/* Begin PBXFrameworksBuildPhase section */
		70BFB7762B027F9E00F86F3F /* Frameworks */ = {
			isa = PBXFrameworksBuildPhase;
			buildActionMask = 2147483647;
			files = (
				70BCF8882B1848EA0068A982 /* SocketIO in Frameworks */,
				70C4EE232B39D32700F46B3C /* Alamofire in Frameworks */,
				709B73382B2A74200000BFA4 /* YouTubeiOSPlayerHelper in Frameworks */,
				8AEC0562F677EE77FAF1AE54 /* Pods_FindIT.framework in Frameworks */,
			);
			runOnlyForDeploymentPostprocessing = 0;
		};
		70BFB7862B027FAB00F86F3F /* Frameworks */ = {
			isa = PBXFrameworksBuildPhase;
			buildActionMask = 2147483647;
			files = (
				2742BDEDA24C3875BFEDD49F /* Pods_FindITTests.framework in Frameworks */,
			);
			runOnlyForDeploymentPostprocessing = 0;
		};
		70BFB7902B027FAB00F86F3F /* Frameworks */ = {
			isa = PBXFrameworksBuildPhase;
			buildActionMask = 2147483647;
			files = (
				B444231FB00BD33BA651CB61 /* Pods_FindIT_FindITUITests.framework in Frameworks */,
			);
			runOnlyForDeploymentPostprocessing = 0;
		};
/* End PBXFrameworksBuildPhase section */

/* Begin PBXGroup section */
		39704B669BA071BD76619486 /* Frameworks */ = {
			isa = PBXGroup;
			children = (
				703190602B36AD4600F39371 /* Cobra.framework */,
				083EC1700E35D4DF995AD127 /* Pods_FindIT.framework */,
				0A12DD022E6599C91C3EC45B /* Pods_FindIT_FindITUITests.framework */,
				4EBBD7EC7A53178E4CE61A9C /* Pods_FindITTests.framework */,
			);
			name = Frameworks;
			sourceTree = "<group>";
		};
		70BFB7702B027F9E00F86F3F = {
			isa = PBXGroup;
			children = (
				70BFB77B2B027F9F00F86F3F /* FindIT */,
				70BFB78C2B027FAB00F86F3F /* FindITTests */,
				70BFB7962B027FAB00F86F3F /* FindITUITests */,
				70BFB77A2B027F9F00F86F3F /* Products */,
				74088AFDA54105B14DE23ADF /* Pods */,
				39704B669BA071BD76619486 /* Frameworks */,
			);
			sourceTree = "<group>";
		};
		70BFB77A2B027F9F00F86F3F /* Products */ = {
			isa = PBXGroup;
			children = (
				70BFB7792B027F9F00F86F3F /* FindIT.app */,
				70BFB7892B027FAB00F86F3F /* FindITTests.xctest */,
				70BFB7932B027FAB00F86F3F /* FindITUITests.xctest */,
			);
			name = Products;
			sourceTree = "<group>";
		};
		70BFB77B2B027F9F00F86F3F /* FindIT */ = {
			isa = PBXGroup;
			children = (
				7003CAB62B15A4C300102E14 /* Info.plist */,
				707EAD2A2B3A8BDD00BBB3EC /* AudioManager.swift */,
				70BFC96A2B391EA60030FC8C /* WhisperManager.swift */,
				703A23342B10750700359318 /* WebSocketManager.swift */,
				70BFB7802B027FAA00F86F3F /* Assets.xcassets */,
				70BFB7822B027FAA00F86F3F /* Preview Content */,
				70A3B8552B17A6E000AF3F90 /* ContentView.swift */,
				704629052B278DB700040259 /* MovieDetailView.swift */,
				70A3B8572B17A75600AF3F90 /* FindITApp.swift */,
			);
			path = FindIT;
			sourceTree = "<group>";
		};
		70BFB7822B027FAA00F86F3F /* Preview Content */ = {
			isa = PBXGroup;
			children = (
				70BFB7832B027FAA00F86F3F /* Preview Assets.xcassets */,
			);
			path = "Preview Content";
			sourceTree = "<group>";
		};
		70BFB78C2B027FAB00F86F3F /* FindITTests */ = {
			isa = PBXGroup;
			children = (
				70BFB78D2B027FAB00F86F3F /* FindITTests.swift */,
			);
			path = FindITTests;
			sourceTree = "<group>";
		};
		70BFB7962B027FAB00F86F3F /* FindITUITests */ = {
			isa = PBXGroup;
			children = (
				70BFB7972B027FAB00F86F3F /* FindITUITests.swift */,
				70BFB7992B027FAB00F86F3F /* FindITUITestsLaunchTests.swift */,
			);
			path = FindITUITests;
			sourceTree = "<group>";
		};
		74088AFDA54105B14DE23ADF /* Pods */ = {
			isa = PBXGroup;
			children = (
				B51FA70748CEBDD2E5D3ADF2 /* Pods-FindIT.debug.xcconfig */,
				C4B3722A8211E988B25E5207 /* Pods-FindIT.release.xcconfig */,
				0E71A82B456491FD7FAFDBE6 /* Pods-FindIT-FindITUITests.debug.xcconfig */,
				646A356D37E00754CB8A8FB3 /* Pods-FindIT-FindITUITests.release.xcconfig */,
				D42968475AFF9012E92D93AC /* Pods-FindITTests.debug.xcconfig */,
				8E8F5FDABC803BE1D434B184 /* Pods-FindITTests.release.xcconfig */,
			);
			path = Pods;
			sourceTree = "<group>";
		};
/* End PBXGroup section */

/* Begin PBXNativeTarget section */
		70BFB7782B027F9E00F86F3F /* FindIT */ = {
			isa = PBXNativeTarget;
			buildConfigurationList = 70BFB79D2B027FAB00F86F3F /* Build configuration list for PBXNativeTarget "FindIT" */;
			buildPhases = (
				EE574DECE09A37F0E63EBDE3 /* [CP] Check Pods Manifest.lock */,
				70BFB7752B027F9E00F86F3F /* Sources */,
				70BFB7762B027F9E00F86F3F /* Frameworks */,
				70BFB7772B027F9E00F86F3F /* Resources */,
				70D608B22B36B01E00E23B8F /* Embed Frameworks */,
				AC2BFFBB741FB2445A8C5153 /* [CP] Embed Pods Frameworks */,
			);
			buildRules = (
			);
			dependencies = (
			);
			name = FindIT;
			packageProductDependencies = (
				70BCF8872B1848EA0068A982 /* SocketIO */,
				709B73372B2A74200000BFA4 /* YouTubeiOSPlayerHelper */,
				70C4EE222B39D32700F46B3C /* Alamofire */,
			);
			productName = FindIT;
			productReference = 70BFB7792B027F9F00F86F3F /* FindIT.app */;
			productType = "com.apple.product-type.application";
		};
		70BFB7882B027FAB00F86F3F /* FindITTests */ = {
			isa = PBXNativeTarget;
			buildConfigurationList = 70BFB7A02B027FAB00F86F3F /* Build configuration list for PBXNativeTarget "FindITTests" */;
			buildPhases = (
				2D80366B1C67315F7F42639B /* [CP] Check Pods Manifest.lock */,
				70BFB7852B027FAB00F86F3F /* Sources */,
				70BFB7862B027FAB00F86F3F /* Frameworks */,
				70BFB7872B027FAB00F86F3F /* Resources */,
			);
			buildRules = (
			);
			dependencies = (
				70BFB78B2B027FAB00F86F3F /* PBXTargetDependency */,
			);
			name = FindITTests;
			productName = FindITTests;
			productReference = 70BFB7892B027FAB00F86F3F /* FindITTests.xctest */;
			productType = "com.apple.product-type.bundle.unit-test";
		};
		70BFB7922B027FAB00F86F3F /* FindITUITests */ = {
			isa = PBXNativeTarget;
			buildConfigurationList = 70BFB7A32B027FAB00F86F3F /* Build configuration list for PBXNativeTarget "FindITUITests" */;
			buildPhases = (
				E48B083575E12CD3CD94D396 /* [CP] Check Pods Manifest.lock */,
				70BFB78F2B027FAB00F86F3F /* Sources */,
				70BFB7902B027FAB00F86F3F /* Frameworks */,
				70BFB7912B027FAB00F86F3F /* Resources */,
				1E66055335CE9192AD19E272 /* [CP] Embed Pods Frameworks */,
			);
			buildRules = (
			);
			dependencies = (
				70BFB7952B027FAB00F86F3F /* PBXTargetDependency */,
			);
			name = FindITUITests;
			productName = FindITUITests;
			productReference = 70BFB7932B027FAB00F86F3F /* FindITUITests.xctest */;
			productType = "com.apple.product-type.bundle.ui-testing";
		};
/* End PBXNativeTarget section */

/* Begin PBXProject section */
		70BFB7712B027F9E00F86F3F /* Project object */ = {
			isa = PBXProject;
			attributes = {
				BuildIndependentTargetsInParallel = 1;
				LastSwiftUpdateCheck = 1500;
				LastUpgradeCheck = 1500;
				TargetAttributes = {
					70BFB7782B027F9E00F86F3F = {
						CreatedOnToolsVersion = 15.0.1;
					};
					70BFB7882B027FAB00F86F3F = {
						CreatedOnToolsVersion = 15.0.1;
						TestTargetID = 70BFB7782B027F9E00F86F3F;
					};
					70BFB7922B027FAB00F86F3F = {
						CreatedOnToolsVersion = 15.0.1;
						TestTargetID = 70BFB7782B027F9E00F86F3F;
					};
				};
			};
			buildConfigurationList = 70BFB7742B027F9E00F86F3F /* Build configuration list for PBXProject "FindIT" */;
			compatibilityVersion = "Xcode 14.0";
			developmentRegion = en;
			hasScannedForEncodings = 0;
			knownRegions = (
				en,
				Base,
			);
			mainGroup = 70BFB7702B027F9E00F86F3F;
			packageReferences = (
				70BCF8862B1848EA0068A982 /* XCRemoteSwiftPackageReference "socket" */,
				709B73362B2A74200000BFA4 /* XCRemoteSwiftPackageReference "youtube-ios-player-helper" */,
				70C4EE212B39D32700F46B3C /* XCRemoteSwiftPackageReference "Alamofire" */,
			);
			productRefGroup = 70BFB77A2B027F9F00F86F3F /* Products */;
			projectDirPath = "";
			projectRoot = "";
			targets = (
				70BFB7782B027F9E00F86F3F /* FindIT */,
				70BFB7882B027FAB00F86F3F /* FindITTests */,
				70BFB7922B027FAB00F86F3F /* FindITUITests */,
			);
		};
/* End PBXProject section */

/* Begin PBXResourcesBuildPhase section */
		70BFB7772B027F9E00F86F3F /* Resources */ = {
			isa = PBXResourcesBuildPhase;
			buildActionMask = 2147483647;
			files = (
				70BFB7842B027FAA00F86F3F /* Preview Assets.xcassets in Resources */,
				70BFB7812B027FAA00F86F3F /* Assets.xcassets in Resources */,
			);
			runOnlyForDeploymentPostprocessing = 0;
		};
		70BFB7872B027FAB00F86F3F /* Resources */ = {
			isa = PBXResourcesBuildPhase;
			buildActionMask = 2147483647;
			files = (
			);
			runOnlyForDeploymentPostprocessing = 0;
		};
		70BFB7912B027FAB00F86F3F /* Resources */ = {
			isa = PBXResourcesBuildPhase;
			buildActionMask = 2147483647;
			files = (
			);
			runOnlyForDeploymentPostprocessing = 0;
		};
/* End PBXResourcesBuildPhase section */

/* Begin PBXShellScriptBuildPhase section */
		1E66055335CE9192AD19E272 /* [CP] Embed Pods Frameworks */ = {
			isa = PBXShellScriptBuildPhase;
			buildActionMask = 2147483647;
			files = (
			);
			inputFileListPaths = (
				"${PODS_ROOT}/Target Support Files/Pods-FindIT-FindITUITests/Pods-FindIT-FindITUITests-frameworks-${CONFIGURATION}-input-files.xcfilelist",
			);
			name = "[CP] Embed Pods Frameworks";
			outputFileListPaths = (
				"${PODS_ROOT}/Target Support Files/Pods-FindIT-FindITUITests/Pods-FindIT-FindITUITests-frameworks-${CONFIGURATION}-output-files.xcfilelist",
			);
			runOnlyForDeploymentPostprocessing = 0;
			shellPath = /bin/sh;
			shellScript = "\"${PODS_ROOT}/Target Support Files/Pods-FindIT-FindITUITests/Pods-FindIT-FindITUITests-frameworks.sh\"\n";
			showEnvVarsInLog = 0;
		};
		2D80366B1C67315F7F42639B /* [CP] Check Pods Manifest.lock */ = {
			isa = PBXShellScriptBuildPhase;
			buildActionMask = 2147483647;
			files = (
			);
			inputFileListPaths = (
			);
			inputPaths = (
				"${PODS_PODFILE_DIR_PATH}/Podfile.lock",
				"${PODS_ROOT}/Manifest.lock",
			);
			name = "[CP] Check Pods Manifest.lock";
			outputFileListPaths = (
			);
			outputPaths = (
				"$(DERIVED_FILE_DIR)/Pods-FindITTests-checkManifestLockResult.txt",
			);
			runOnlyForDeploymentPostprocessing = 0;
			shellPath = /bin/sh;
			shellScript = "diff \"${PODS_PODFILE_DIR_PATH}/Podfile.lock\" \"${PODS_ROOT}/Manifest.lock\" > /dev/null\nif [ $? != 0 ] ; then\n    # print error to STDERR\n    echo \"error: The sandbox is not in sync with the Podfile.lock. Run 'pod install' or update your CocoaPods installation.\" >&2\n    exit 1\nfi\n# This output is used by Xcode 'outputs' to avoid re-running this script phase.\necho \"SUCCESS\" > \"${SCRIPT_OUTPUT_FILE_0}\"\n";
			showEnvVarsInLog = 0;
		};
		AC2BFFBB741FB2445A8C5153 /* [CP] Embed Pods Frameworks */ = {
			isa = PBXShellScriptBuildPhase;
			buildActionMask = 2147483647;
			files = (
			);
			inputFileListPaths = (
				"${PODS_ROOT}/Target Support Files/Pods-FindIT/Pods-FindIT-frameworks-${CONFIGURATION}-input-files.xcfilelist",
			);
			name = "[CP] Embed Pods Frameworks";
			outputFileListPaths = (
				"${PODS_ROOT}/Target Support Files/Pods-FindIT/Pods-FindIT-frameworks-${CONFIGURATION}-output-files.xcfilelist",
			);
			runOnlyForDeploymentPostprocessing = 0;
			shellPath = /bin/sh;
			shellScript = "\"${PODS_ROOT}/Target Support Files/Pods-FindIT/Pods-FindIT-frameworks.sh\"\n";
			showEnvVarsInLog = 0;
		};
		E48B083575E12CD3CD94D396 /* [CP] Check Pods Manifest.lock */ = {
			isa = PBXShellScriptBuildPhase;
			buildActionMask = 2147483647;
			files = (
			);
			inputFileListPaths = (
			);
			inputPaths = (
				"${PODS_PODFILE_DIR_PATH}/Podfile.lock",
				"${PODS_ROOT}/Manifest.lock",
			);
			name = "[CP] Check Pods Manifest.lock";
			outputFileListPaths = (
			);
			outputPaths = (
				"$(DERIVED_FILE_DIR)/Pods-FindIT-FindITUITests-checkManifestLockResult.txt",
			);
			runOnlyForDeploymentPostprocessing = 0;
			shellPath = /bin/sh;
			shellScript = "diff \"${PODS_PODFILE_DIR_PATH}/Podfile.lock\" \"${PODS_ROOT}/Manifest.lock\" > /dev/null\nif [ $? != 0 ] ; then\n    # print error to STDERR\n    echo \"error: The sandbox is not in sync with the Podfile.lock. Run 'pod install' or update your CocoaPods installation.\" >&2\n    exit 1\nfi\n# This output is used by Xcode 'outputs' to avoid re-running this script phase.\necho \"SUCCESS\" > \"${SCRIPT_OUTPUT_FILE_0}\"\n";
			showEnvVarsInLog = 0;
		};
		EE574DECE09A37F0E63EBDE3 /* [CP] Check Pods Manifest.lock */ = {
			isa = PBXShellScriptBuildPhase;
			buildActionMask = 2147483647;
			files = (
			);
			inputFileListPaths = (
			);
			inputPaths = (
				"${PODS_PODFILE_DIR_PATH}/Podfile.lock",
				"${PODS_ROOT}/Manifest.lock",
			);
			name = "[CP] Check Pods Manifest.lock";
			outputFileListPaths = (
			);
			outputPaths = (
				"$(DERIVED_FILE_DIR)/Pods-FindIT-checkManifestLockResult.txt",
			);
			runOnlyForDeploymentPostprocessing = 0;
			shellPath = /bin/sh;
			shellScript = "diff \"${PODS_PODFILE_DIR_PATH}/Podfile.lock\" \"${PODS_ROOT}/Manifest.lock\" > /dev/null\nif [ $? != 0 ] ; then\n    # print error to STDERR\n    echo \"error: The sandbox is not in sync with the Podfile.lock. Run 'pod install' or update your CocoaPods installation.\" >&2\n    exit 1\nfi\n# This output is used by Xcode 'outputs' to avoid re-running this script phase.\necho \"SUCCESS\" > \"${SCRIPT_OUTPUT_FILE_0}\"\n";
			showEnvVarsInLog = 0;
		};
/* End PBXShellScriptBuildPhase section */

/* Begin PBXSourcesBuildPhase section */
		70BFB7752B027F9E00F86F3F /* Sources */ = {
			isa = PBXSourcesBuildPhase;
			buildActionMask = 2147483647;
			files = (
				70BFC96B2B391EA60030FC8C /* WhisperManager.swift in Sources */,
				707EAD2B2B3A8BDD00BBB3EC /* AudioManager.swift in Sources */,
				704629062B278DB700040259 /* MovieDetailView.swift in Sources */,
				703A23352B10750700359318 /* WebSocketManager.swift in Sources */,
				70A3B8582B17A75600AF3F90 /* FindITApp.swift in Sources */,
				70A3B8562B17A6E000AF3F90 /* ContentView.swift in Sources */,
			);
			runOnlyForDeploymentPostprocessing = 0;
		};
		70BFB7852B027FAB00F86F3F /* Sources */ = {
			isa = PBXSourcesBuildPhase;
			buildActionMask = 2147483647;
			files = (
				70BFB78E2B027FAB00F86F3F /* FindITTests.swift in Sources */,
			);
			runOnlyForDeploymentPostprocessing = 0;
		};
		70BFB78F2B027FAB00F86F3F /* Sources */ = {
			isa = PBXSourcesBuildPhase;
			buildActionMask = 2147483647;
			files = (
				70BFB79A2B027FAB00F86F3F /* FindITUITestsLaunchTests.swift in Sources */,
				70BFB7982B027FAB00F86F3F /* FindITUITests.swift in Sources */,
			);
			runOnlyForDeploymentPostprocessing = 0;
		};
/* End PBXSourcesBuildPhase section */

/* Begin PBXTargetDependency section */
		70BFB78B2B027FAB00F86F3F /* PBXTargetDependency */ = {
			isa = PBXTargetDependency;
			target = 70BFB7782B027F9E00F86F3F /* FindIT */;
			targetProxy = 70BFB78A2B027FAB00F86F3F /* PBXContainerItemProxy */;
		};
		70BFB7952B027FAB00F86F3F /* PBXTargetDependency */ = {
			isa = PBXTargetDependency;
			target = 70BFB7782B027F9E00F86F3F /* FindIT */;
			targetProxy = 70BFB7942B027FAB00F86F3F /* PBXContainerItemProxy */;
		};
/* End PBXTargetDependency section */

/* Begin XCBuildConfiguration section */
		70BFB79B2B027FAB00F86F3F /* Debug */ = {
			isa = XCBuildConfiguration;
			buildSettings = {
				ALWAYS_SEARCH_USER_PATHS = NO;
				ASSETCATALOG_COMPILER_GENERATE_SWIFT_ASSET_SYMBOL_EXTENSIONS = YES;
				CLANG_ANALYZER_NONNULL = YES;
				CLANG_ANALYZER_NUMBER_OBJECT_CONVERSION = YES_AGGRESSIVE;
				CLANG_CXX_LANGUAGE_STANDARD = "gnu++20";
				CLANG_ENABLE_MODULES = YES;
				CLANG_ENABLE_OBJC_ARC = YES;
				CLANG_ENABLE_OBJC_WEAK = YES;
				CLANG_WARN_BLOCK_CAPTURE_AUTORELEASING = YES;
				CLANG_WARN_BOOL_CONVERSION = YES;
				CLANG_WARN_COMMA = YES;
				CLANG_WARN_CONSTANT_CONVERSION = YES;
				CLANG_WARN_DEPRECATED_OBJC_IMPLEMENTATIONS = YES;
				CLANG_WARN_DIRECT_OBJC_ISA_USAGE = YES_ERROR;
				CLANG_WARN_DOCUMENTATION_COMMENTS = YES;
				CLANG_WARN_EMPTY_BODY = YES;
				CLANG_WARN_ENUM_CONVERSION = YES;
				CLANG_WARN_INFINITE_RECURSION = YES;
				CLANG_WARN_INT_CONVERSION = YES;
				CLANG_WARN_NON_LITERAL_NULL_CONVERSION = YES;
				CLANG_WARN_OBJC_IMPLICIT_RETAIN_SELF = YES;
				CLANG_WARN_OBJC_LITERAL_CONVERSION = YES;
				CLANG_WARN_OBJC_ROOT_CLASS = YES_ERROR;
				CLANG_WARN_QUOTED_INCLUDE_IN_FRAMEWORK_HEADER = YES;
				CLANG_WARN_RANGE_LOOP_ANALYSIS = YES;
				CLANG_WARN_STRICT_PROTOTYPES = YES;
				CLANG_WARN_SUSPICIOUS_MOVE = YES;
				CLANG_WARN_UNGUARDED_AVAILABILITY = YES_AGGRESSIVE;
				CLANG_WARN_UNREACHABLE_CODE = YES;
				CLANG_WARN__DUPLICATE_METHOD_MATCH = YES;
				COPY_PHASE_STRIP = NO;
				DEBUG_INFORMATION_FORMAT = dwarf;
				ENABLE_STRICT_OBJC_MSGSEND = YES;
				ENABLE_TESTABILITY = YES;
				ENABLE_USER_SCRIPT_SANDBOXING = YES;
				GCC_C_LANGUAGE_STANDARD = gnu17;
				GCC_DYNAMIC_NO_PIC = NO;
				GCC_NO_COMMON_BLOCKS = YES;
				GCC_OPTIMIZATION_LEVEL = 0;
				GCC_PREPROCESSOR_DEFINITIONS = (
					"DEBUG=1",
					"$(inherited)",
				);
				GCC_WARN_64_TO_32_BIT_CONVERSION = YES;
				GCC_WARN_ABOUT_RETURN_TYPE = YES_ERROR;
				GCC_WARN_UNDECLARED_SELECTOR = YES;
				GCC_WARN_UNINITIALIZED_AUTOS = YES_AGGRESSIVE;
				GCC_WARN_UNUSED_FUNCTION = YES;
				GCC_WARN_UNUSED_VARIABLE = YES;
				IPHONEOS_DEPLOYMENT_TARGET = 17.0;
				LOCALIZATION_PREFERS_STRING_CATALOGS = YES;
				MTL_ENABLE_DEBUG_INFO = INCLUDE_SOURCE;
				MTL_FAST_MATH = YES;
				ONLY_ACTIVE_ARCH = YES;
				SDKROOT = iphoneos;
				SWIFT_ACTIVE_COMPILATION_CONDITIONS = "DEBUG $(inherited)";
				SWIFT_OPTIMIZATION_LEVEL = "-Onone";
			};
			name = Debug;
		};
		70BFB79C2B027FAB00F86F3F /* Release */ = {
			isa = XCBuildConfiguration;
			buildSettings = {
				ALWAYS_SEARCH_USER_PATHS = NO;
				ASSETCATALOG_COMPILER_GENERATE_SWIFT_ASSET_SYMBOL_EXTENSIONS = YES;
				CLANG_ANALYZER_NONNULL = YES;
				CLANG_ANALYZER_NUMBER_OBJECT_CONVERSION = YES_AGGRESSIVE;
				CLANG_CXX_LANGUAGE_STANDARD = "gnu++20";
				CLANG_ENABLE_MODULES = YES;
				CLANG_ENABLE_OBJC_ARC = YES;
				CLANG_ENABLE_OBJC_WEAK = YES;
				CLANG_WARN_BLOCK_CAPTURE_AUTORELEASING = YES;
				CLANG_WARN_BOOL_CONVERSION = YES;
				CLANG_WARN_COMMA = YES;
				CLANG_WARN_CONSTANT_CONVERSION = YES;
				CLANG_WARN_DEPRECATED_OBJC_IMPLEMENTATIONS = YES;
				CLANG_WARN_DIRECT_OBJC_ISA_USAGE = YES_ERROR;
				CLANG_WARN_DOCUMENTATION_COMMENTS = YES;
				CLANG_WARN_EMPTY_BODY = YES;
				CLANG_WARN_ENUM_CONVERSION = YES;
				CLANG_WARN_INFINITE_RECURSION = YES;
				CLANG_WARN_INT_CONVERSION = YES;
				CLANG_WARN_NON_LITERAL_NULL_CONVERSION = YES;
				CLANG_WARN_OBJC_IMPLICIT_RETAIN_SELF = YES;
				CLANG_WARN_OBJC_LITERAL_CONVERSION = YES;
				CLANG_WARN_OBJC_ROOT_CLASS = YES_ERROR;
				CLANG_WARN_QUOTED_INCLUDE_IN_FRAMEWORK_HEADER = YES;
				CLANG_WARN_RANGE_LOOP_ANALYSIS = YES;
				CLANG_WARN_STRICT_PROTOTYPES = YES;
				CLANG_WARN_SUSPICIOUS_MOVE = YES;
				CLANG_WARN_UNGUARDED_AVAILABILITY = YES_AGGRESSIVE;
				CLANG_WARN_UNREACHABLE_CODE = YES;
				CLANG_WARN__DUPLICATE_METHOD_MATCH = YES;
				COPY_PHASE_STRIP = NO;
				DEBUG_INFORMATION_FORMAT = "dwarf-with-dsym";
				ENABLE_NS_ASSERTIONS = NO;
				ENABLE_STRICT_OBJC_MSGSEND = YES;
				ENABLE_USER_SCRIPT_SANDBOXING = YES;
				GCC_C_LANGUAGE_STANDARD = gnu17;
				GCC_NO_COMMON_BLOCKS = YES;
				GCC_WARN_64_TO_32_BIT_CONVERSION = YES;
				GCC_WARN_ABOUT_RETURN_TYPE = YES_ERROR;
				GCC_WARN_UNDECLARED_SELECTOR = YES;
				GCC_WARN_UNINITIALIZED_AUTOS = YES_AGGRESSIVE;
				GCC_WARN_UNUSED_FUNCTION = YES;
				GCC_WARN_UNUSED_VARIABLE = YES;
				IPHONEOS_DEPLOYMENT_TARGET = 17.0;
				LOCALIZATION_PREFERS_STRING_CATALOGS = YES;
				MTL_ENABLE_DEBUG_INFO = NO;
				MTL_FAST_MATH = YES;
				SDKROOT = iphoneos;
				SWIFT_COMPILATION_MODE = wholemodule;
				VALIDATE_PRODUCT = YES;
			};
			name = Release;
		};
		70BFB79E2B027FAB00F86F3F /* Debug */ = {
			isa = XCBuildConfiguration;
			baseConfigurationReference = B51FA70748CEBDD2E5D3ADF2 /* Pods-FindIT.debug.xcconfig */;
			buildSettings = {
				ASSETCATALOG_COMPILER_APPICON_NAME = AppIcon;
				ASSETCATALOG_COMPILER_GLOBAL_ACCENT_COLOR_NAME = AccentColor;
				CODE_SIGN_STYLE = Automatic;
				CURRENT_PROJECT_VERSION = 1;
				DEVELOPMENT_ASSET_PATHS = "\"FindIT/Preview Content\"";
				DEVELOPMENT_TEAM = VNZ439HYHL;
				ENABLE_APP_SANDBOX = NO;
				ENABLE_PREVIEWS = YES;
				ENABLE_USER_SCRIPT_SANDBOXING = NO;
				ENABLE_USER_SELECTED_FILES = "";
				FRAMEWORK_SEARCH_PATHS = (
					"$(inherited)",
					"\"${PODS_CONFIGURATION_BUILD_DIR}/Cobra-iOS\"",
					"\"${PODS_CONFIGURATION_BUILD_DIR}/ios-voice-processor\"",
				);
				GENERATE_INFOPLIST_FILE = YES;
				INFOPLIST_FILE = FindIT/Info.plist;
				INFOPLIST_KEY_LSApplicationCategoryType = "";
				INFOPLIST_KEY_NSMicrophoneUsageDescription = "This is how I collect user input";
				INFOPLIST_KEY_NSSpeechRecognitionUsageDescription = "I PLAN TO USE THIS";
				INFOPLIST_KEY_UIApplicationSceneManifest_Generation = YES;
				INFOPLIST_KEY_UIApplicationSupportsIndirectInputEvents = YES;
				INFOPLIST_KEY_UILaunchScreen_Generation = YES;
				INFOPLIST_KEY_UISupportedInterfaceOrientations_iPad = "UIInterfaceOrientationPortrait UIInterfaceOrientationPortraitUpsideDown UIInterfaceOrientationLandscapeLeft UIInterfaceOrientationLandscapeRight";
				INFOPLIST_KEY_UISupportedInterfaceOrientations_iPhone = "UIInterfaceOrientationPortrait UIInterfaceOrientationLandscapeLeft UIInterfaceOrientationLandscapeRight";
				IPHONEOS_DEPLOYMENT_TARGET = 17.1;
				LD_RUNPATH_SEARCH_PATHS = (
					"$(inherited)",
					"@executable_path/Frameworks",
				);
				MARKETING_VERSION = 1.0;
				PRODUCT_BUNDLE_IDENTIFIER = Mobile.FindIT;
				PRODUCT_NAME = "$(TARGET_NAME)";
				SWIFT_EMIT_LOC_STRINGS = YES;
				SWIFT_VERSION = 5.0;
				TARGETED_DEVICE_FAMILY = "1,2";
			};
			name = Debug;
		};
		70BFB79F2B027FAB00F86F3F /* Release */ = {
			isa = XCBuildConfiguration;
			baseConfigurationReference = C4B3722A8211E988B25E5207 /* Pods-FindIT.release.xcconfig */;
			buildSettings = {
				ASSETCATALOG_COMPILER_APPICON_NAME = AppIcon;
				ASSETCATALOG_COMPILER_GLOBAL_ACCENT_COLOR_NAME = AccentColor;
				CODE_SIGN_STYLE = Automatic;
				CURRENT_PROJECT_VERSION = 1;
				DEVELOPMENT_ASSET_PATHS = "\"FindIT/Preview Content\"";
				DEVELOPMENT_TEAM = VNZ439HYHL;
				ENABLE_APP_SANDBOX = NO;
				ENABLE_PREVIEWS = YES;
				ENABLE_USER_SCRIPT_SANDBOXING = NO;
				ENABLE_USER_SELECTED_FILES = "";
				FRAMEWORK_SEARCH_PATHS = (
					"$(inherited)",
					"\"${PODS_CONFIGURATION_BUILD_DIR}/Cobra-iOS\"",
					"\"${PODS_CONFIGURATION_BUILD_DIR}/ios-voice-processor\"",
				);
				GENERATE_INFOPLIST_FILE = YES;
				INFOPLIST_FILE = FindIT/Info.plist;
				INFOPLIST_KEY_LSApplicationCategoryType = "";
				INFOPLIST_KEY_NSMicrophoneUsageDescription = "This is how I collect user input";
				INFOPLIST_KEY_NSSpeechRecognitionUsageDescription = "I PLAN TO USE THIS";
				INFOPLIST_KEY_UIApplicationSceneManifest_Generation = YES;
				INFOPLIST_KEY_UIApplicationSupportsIndirectInputEvents = YES;
				INFOPLIST_KEY_UILaunchScreen_Generation = YES;
				INFOPLIST_KEY_UISupportedInterfaceOrientations_iPad = "UIInterfaceOrientationPortrait UIInterfaceOrientationPortraitUpsideDown UIInterfaceOrientationLandscapeLeft UIInterfaceOrientationLandscapeRight";
				INFOPLIST_KEY_UISupportedInterfaceOrientations_iPhone = "UIInterfaceOrientationPortrait UIInterfaceOrientationLandscapeLeft UIInterfaceOrientationLandscapeRight";
				IPHONEOS_DEPLOYMENT_TARGET = 17.1;
				LD_RUNPATH_SEARCH_PATHS = (
					"$(inherited)",
					"@executable_path/Frameworks",
				);
				MARKETING_VERSION = 1.0;
				PRODUCT_BUNDLE_IDENTIFIER = Mobile.FindIT;
				PRODUCT_NAME = "$(TARGET_NAME)";
				SWIFT_EMIT_LOC_STRINGS = YES;
				SWIFT_VERSION = 5.0;
				TARGETED_DEVICE_FAMILY = "1,2";
			};
			name = Release;
		};
		70BFB7A12B027FAB00F86F3F /* Debug */ = {
			isa = XCBuildConfiguration;
			baseConfigurationReference = D42968475AFF9012E92D93AC /* Pods-FindITTests.debug.xcconfig */;
			buildSettings = {
				ALWAYS_EMBED_SWIFT_STANDARD_LIBRARIES = YES;
				BUNDLE_LOADER = "$(TEST_HOST)";
				CODE_SIGN_STYLE = Automatic;
				CURRENT_PROJECT_VERSION = 1;
				GENERATE_INFOPLIST_FILE = YES;
				IPHONEOS_DEPLOYMENT_TARGET = 17.0;
				MARKETING_VERSION = 1.0;
				PRODUCT_BUNDLE_IDENTIFIER = Mobile.FindITTests;
				PRODUCT_NAME = "$(TARGET_NAME)";
				SWIFT_EMIT_LOC_STRINGS = NO;
				SWIFT_VERSION = 5.0;
				TARGETED_DEVICE_FAMILY = "1,2";
				TEST_HOST = "$(BUILT_PRODUCTS_DIR)/FindIT.app/$(BUNDLE_EXECUTABLE_FOLDER_PATH)/FindIT";
			};
			name = Debug;
		};
		70BFB7A22B027FAB00F86F3F /* Release */ = {
			isa = XCBuildConfiguration;
			baseConfigurationReference = 8E8F5FDABC803BE1D434B184 /* Pods-FindITTests.release.xcconfig */;
			buildSettings = {
				ALWAYS_EMBED_SWIFT_STANDARD_LIBRARIES = YES;
				BUNDLE_LOADER = "$(TEST_HOST)";
				CODE_SIGN_STYLE = Automatic;
				CURRENT_PROJECT_VERSION = 1;
				GENERATE_INFOPLIST_FILE = YES;
				IPHONEOS_DEPLOYMENT_TARGET = 17.0;
				MARKETING_VERSION = 1.0;
				PRODUCT_BUNDLE_IDENTIFIER = Mobile.FindITTests;
				PRODUCT_NAME = "$(TARGET_NAME)";
				SWIFT_EMIT_LOC_STRINGS = NO;
				SWIFT_VERSION = 5.0;
				TARGETED_DEVICE_FAMILY = "1,2";
				TEST_HOST = "$(BUILT_PRODUCTS_DIR)/FindIT.app/$(BUNDLE_EXECUTABLE_FOLDER_PATH)/FindIT";
			};
			name = Release;
		};
		70BFB7A42B027FAB00F86F3F /* Debug */ = {
			isa = XCBuildConfiguration;
			baseConfigurationReference = 0E71A82B456491FD7FAFDBE6 /* Pods-FindIT-FindITUITests.debug.xcconfig */;
			buildSettings = {
				ALWAYS_EMBED_SWIFT_STANDARD_LIBRARIES = "$(inherited)";
				CODE_SIGN_STYLE = Automatic;
				CURRENT_PROJECT_VERSION = 1;
				GENERATE_INFOPLIST_FILE = YES;
				MARKETING_VERSION = 1.0;
				PRODUCT_BUNDLE_IDENTIFIER = Mobile.FindITUITests;
				PRODUCT_NAME = "$(TARGET_NAME)";
				SWIFT_EMIT_LOC_STRINGS = NO;
				SWIFT_VERSION = 5.0;
				TARGETED_DEVICE_FAMILY = "1,2";
				TEST_TARGET_NAME = FindIT;
			};
			name = Debug;
		};
		70BFB7A52B027FAB00F86F3F /* Release */ = {
			isa = XCBuildConfiguration;
			baseConfigurationReference = 646A356D37E00754CB8A8FB3 /* Pods-FindIT-FindITUITests.release.xcconfig */;
			buildSettings = {
				ALWAYS_EMBED_SWIFT_STANDARD_LIBRARIES = "$(inherited)";
				CODE_SIGN_STYLE = Automatic;
				CURRENT_PROJECT_VERSION = 1;
				GENERATE_INFOPLIST_FILE = YES;
				MARKETING_VERSION = 1.0;
				PRODUCT_BUNDLE_IDENTIFIER = Mobile.FindITUITests;
				PRODUCT_NAME = "$(TARGET_NAME)";
				SWIFT_EMIT_LOC_STRINGS = NO;
				SWIFT_VERSION = 5.0;
				TARGETED_DEVICE_FAMILY = "1,2";
				TEST_TARGET_NAME = FindIT;
			};
			name = Release;
		};
/* End XCBuildConfiguration section */

/* Begin XCConfigurationList section */
		70BFB7742B027F9E00F86F3F /* Build configuration list for PBXProject "FindIT" */ = {
			isa = XCConfigurationList;
			buildConfigurations = (
				70BFB79B2B027FAB00F86F3F /* Debug */,
				70BFB79C2B027FAB00F86F3F /* Release */,
			);
			defaultConfigurationIsVisible = 0;
			defaultConfigurationName = Release;
		};
		70BFB79D2B027FAB00F86F3F /* Build configuration list for PBXNativeTarget "FindIT" */ = {
			isa = XCConfigurationList;
			buildConfigurations = (
				70BFB79E2B027FAB00F86F3F /* Debug */,
				70BFB79F2B027FAB00F86F3F /* Release */,
			);
			defaultConfigurationIsVisible = 0;
			defaultConfigurationName = Release;
		};
		70BFB7A02B027FAB00F86F3F /* Build configuration list for PBXNativeTarget "FindITTests" */ = {
			isa = XCConfigurationList;
			buildConfigurations = (
				70BFB7A12B027FAB00F86F3F /* Debug */,
				70BFB7A22B027FAB00F86F3F /* Release */,
			);
			defaultConfigurationIsVisible = 0;
			defaultConfigurationName = Release;
		};
		70BFB7A32B027FAB00F86F3F /* Build configuration list for PBXNativeTarget "FindITUITests" */ = {
			isa = XCConfigurationList;
			buildConfigurations = (
				70BFB7A42B027FAB00F86F3F /* Debug */,
				70BFB7A52B027FAB00F86F3F /* Release */,
			);
			defaultConfigurationIsVisible = 0;
			defaultConfigurationName = Release;
		};
/* End XCConfigurationList section */

/* Begin XCRemoteSwiftPackageReference section */
		709B73362B2A74200000BFA4 /* XCRemoteSwiftPackageReference "youtube-ios-player-helper" */ = {
			isa = XCRemoteSwiftPackageReference;
			repositoryURL = "https://github.com/youtube/youtube-ios-player-helper";
			requirement = {
				kind = upToNextMajorVersion;
				minimumVersion = 1.0.4;
			};
		};
		70BCF8862B1848EA0068A982 /* XCRemoteSwiftPackageReference "socket" */ = {
			isa = XCRemoteSwiftPackageReference;
			repositoryURL = "https://github.com/socketio/socket.io-client-swift";
			requirement = {
				branch = master;
				kind = branch;
			};
		};
		70C4EE212B39D32700F46B3C /* XCRemoteSwiftPackageReference "Alamofire" */ = {
			isa = XCRemoteSwiftPackageReference;
			repositoryURL = "https://github.com/Alamofire/Alamofire.git";
			requirement = {
				kind = upToNextMajorVersion;
				minimumVersion = 5.8.1;
			};
		};
/* End XCRemoteSwiftPackageReference section */

/* Begin XCSwiftPackageProductDependency section */
		709B73372B2A74200000BFA4 /* YouTubeiOSPlayerHelper */ = {
			isa = XCSwiftPackageProductDependency;
			package = 709B73362B2A74200000BFA4 /* XCRemoteSwiftPackageReference "youtube-ios-player-helper" */;
			productName = YouTubeiOSPlayerHelper;
		};
		70BCF8872B1848EA0068A982 /* SocketIO */ = {
			isa = XCSwiftPackageProductDependency;
			package = 70BCF8862B1848EA0068A982 /* XCRemoteSwiftPackageReference "socket" */;
			productName = SocketIO;
		};
		70C4EE222B39D32700F46B3C /* Alamofire */ = {
			isa = XCSwiftPackageProductDependency;
			package = 70C4EE212B39D32700F46B3C /* XCRemoteSwiftPackageReference "Alamofire" */;
			productName = Alamofire;
		};
/* End XCSwiftPackageProductDependency section */
	};
	rootObject = 70BFB7712B027F9E00F86F3F /* Project object */;
}
