<?xml version="1.0" encoding="UTF-8"?>
<Scheme
   LastUpgradeVersion = "1510"
   version = "1.7">
   <BuildAction
      parallelizeBuildables = "YES"
      buildImplicitDependencies = "YES">
      <BuildActionEntries>
         <BuildActionEntry
            buildForTesting = "YES"
            buildForRunning = "YES"
            buildForProfiling = "YES"
            buildForArchiving = "YES"
            buildForAnalyzing = "YES">
            <BuildableReference
               BuildableIdentifier = "primary"
               BlueprintIdentifier = "70BFB7782B027F9E00F86F3F"
               BuildableName = "FindIT.app"
               BlueprintName = "FindIT"
               ReferencedContainer = "container:FindIT.xcodeproj">
            </BuildableReference>
         </BuildActionEntry>
      </BuildActionEntries>
   </BuildAction>
   <TestAction
      buildConfiguration = "Debug"
      selectedDebuggerIdentifier = "Xcode.DebuggerFoundation.Debugger.LLDB"
      selectedLauncherIdentifier = "Xcode.DebuggerFoundation.Launcher.LLDB"
      shouldUseLaunchSchemeArgsEnv = "YES"
      shouldAutocreateTestPlan = "YES">
      <Testables>
         <TestableReference
            skipped = "NO"
            parallelizable = "YES">
            <BuildableReference
               BuildableIdentifier = "primary"
               BlueprintIdentifier = "70BFB7882B027FAB00F86F3F"
               BuildableName = "FindITTests.xctest"
               BlueprintName = "FindITTests"
               ReferencedContainer = "container:FindIT.xcodeproj">
            </BuildableReference>
         </TestableReference>
         <TestableReference
            skipped = "NO"
            parallelizable = "YES">
            <BuildableReference
               BuildableIdentifier = "primary"
               BlueprintIdentifier = "70BFB7922B027FAB00F86F3F"
               BuildableName = "FindITUITests.xctest"
               BlueprintName = "FindITUITests"
               ReferencedContainer = "container:FindIT.xcodeproj">
            </BuildableReference>
         </TestableReference>
      </Testables>
   </TestAction>
   <LaunchAction
      buildConfiguration = "Debug"
      selectedDebuggerIdentifier = "Xcode.DebuggerFoundation.Debugger.LLDB"
      selectedLauncherIdentifier = "Xcode.DebuggerFoundation.Launcher.LLDB"
      launchStyle = "0"
      useCustomWorkingDirectory = "NO"
      ignoresPersistentStateOnLaunch = "NO"
      debugDocumentVersioning = "YES"
      debugServiceExtension = "internal"
      allowLocationSimulation = "YES">
      <BuildableProductRunnable
         runnableDebuggingMode = "0">
         <BuildableReference
            BuildableIdentifier = "primary"
            BlueprintIdentifier = "70BFB7782B027F9E00F86F3F"
            BuildableName = "FindIT.app"
            BlueprintName = "FindIT"
            ReferencedContainer = "container:FindIT.xcodeproj">
         </BuildableReference>
      </BuildableProductRunnable>
      <EnvironmentVariables>
         <EnvironmentVariable
            key = "HOST"
            value = "192.168.58.119"
            isEnabled = "YES">
         </EnvironmentVariable>
         <EnvironmentVariable
            key = "SCHOOL"
            value = "172.20.10.4"
            isEnabled = "YES">
         </EnvironmentVariable>
         <EnvironmentVariable
            key = "HONEY"
            value = "10.0.0.24"
            isEnabled = "YES">
         </EnvironmentVariable>
         <EnvironmentVariable
            key = "ACCESS_KEY"
            value = "jpJ1R15x05JwAT24qfCgjnvCLaO06q4w67/6wTJ0j39BJJ1th95H0w=="
            isEnabled = "YES">
         </EnvironmentVariable>
         <EnvironmentVariable
            key = "WHISPER_API_KEY"
            value = "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"
            isEnabled = "YES">
         </EnvironmentVariable>
      </EnvironmentVariables>
   </LaunchAction>
   <ProfileAction
      buildConfiguration = "Release"
      shouldUseLaunchSchemeArgsEnv = "YES"
      savedToolIdentifier = ""
      useCustomWorkingDirectory = "NO"
      debugDocumentVersioning = "YES">
      <BuildableProductRunnable
         runnableDebuggingMode = "0">
         <BuildableReference
            BuildableIdentifier = "primary"
            BlueprintIdentifier = "70BFB7782B027F9E00F86F3F"
            BuildableName = "FindIT.app"
            BlueprintName = "FindIT"
            ReferencedContainer = "container:FindIT.xcodeproj">
         </BuildableReference>
      </BuildableProductRunnable>
   </ProfileAction>
   <AnalyzeAction
      buildConfiguration = "Debug">
   </AnalyzeAction>
   <ArchiveAction
      buildConfiguration = "Release"
      revealArchiveInOrganizer = "YES">
   </ArchiveAction>
</Scheme>
